dependencies:
  fast-safe-stringify: 1.1.13
  individual: 3.0.0
devDependencies:
  bl: 1.1.2
  hyperquest: 1.3.0
  list-stream: 1.0.1
  tape: 4.5.1
lockfileVersion: 5.2
packages:
  /balanced-match/1.0.0:
    dev: true
    resolution:
      integrity: sha1-ibTRmasr7kneFk6gK4nORi1xt2c=
  /bl/1.1.2:
    dependencies:
      readable-stream: 2.0.6
    dev: true
    resolution:
      integrity: sha1-/cqHGplxOqANGeO7ukHER4emU5g=
  /brace-expansion/1.1.11:
    dependencies:
      balanced-match: 1.0.0
      concat-map: 0.0.1
    dev: true
    resolution:
      integrity: sha512-iCuPHDFgrHX7H2vEI/5xpz07zSHB00TpugqhmYtVmMO6518mCuRMoOYFldEBl0g187ufozdaHgWKcYFb61qGiA==
  /call-bind/1.0.0:
    dependencies:
      function-bind: 1.1.1
      get-intrinsic: 1.0.1
    dev: true
    resolution:
      integrity: sha512-AEXsYIyyDY3MCzbwdhzG3Jx1R0J2wetQyUynn6dYHAO+bg8l1k7jwZtRv4ryryFs7EP+NDlikJlVe59jr0cM2w==
  /concat-map/0.0.1:
    dev: true
    resolution:
      integrity: sha1-2Klr13/Wjfd5OnMDajug1UBdR3s=
  /core-util-is/1.0.2:
    dev: true
    resolution:
      integrity: sha1-tf1UIgqivFq1eqtxQMlAdUUDwac=
  /deep-equal/1.0.1:
    dev: true
    resolution:
      integrity: sha1-9dJgKStmDghO/0zbyfCK0yR0SLU=
  /define-properties/1.1.3:
    dependencies:
      object-keys: 1.1.1
    dev: true
    engines:
      node: '>= 0.4'
    resolution:
      integrity: sha512-3MqfYKj2lLzdMSf8ZIZE/V+Zuy+BgD6f164e8K2w7dgnpKArBDerGYpM46IYYcjnkdPNMjPk9A6VFB8+3SKlXQ==
  /defined/1.0.0:
    dev: true
    resolution:
      integrity: sha1-yY2bzvdWdBiOEQlpFRGZ45sfppM=
  /duplexer2/0.0.2:
    dependencies:
      readable-stream: 1.1.14
    dev: true
    resolution:
      integrity: sha1-xhTc9n4vsUmVqRcR5aYX6KYKMds=
  /es-abstract/1.17.7:
    dependencies:
      es-to-primitive: 1.2.1
      function-bind: 1.1.1
      has: 1.0.3
      has-symbols: 1.0.1
      is-callable: 1.2.2
      is-regex: 1.1.1
      object-inspect: 1.8.0
      object-keys: 1.1.1
      object.assign: 4.1.2
      string.prototype.trimend: 1.0.2
      string.prototype.trimstart: 1.0.2
    dev: true
    engines:
      node: '>= 0.4'
    resolution:
      integrity: sha512-VBl/gnfcJ7OercKA9MVaegWsBHFjV492syMudcnQZvt/Dw8ezpcOHYZXa/J96O8vx+g4x65YKhxOwDUh63aS5g==
  /es-abstract/1.18.0-next.1:
    dependencies:
      es-to-primitive: 1.2.1
      function-bind: 1.1.1
      has: 1.0.3
      has-symbols: 1.0.1
      is-callable: 1.2.2
      is-negative-zero: 2.0.0
      is-regex: 1.1.1
      object-inspect: 1.8.0
      object-keys: 1.1.1
      object.assign: 4.1.2
      string.prototype.trimend: 1.0.2
      string.prototype.trimstart: 1.0.2
    dev: true
    engines:
      node: '>= 0.4'
    resolution:
      integrity: sha512-I4UGspA0wpZXWENrdA0uHbnhte683t3qT/1VFH9aX2dA5PPSf6QW5HHXf5HImaqPmjXaVeVk4RGWnaylmV7uAA==
  /es-to-primitive/1.2.1:
    dependencies:
      is-callable: 1.2.2
      is-date-object: 1.0.2
      is-symbol: 1.0.3
    dev: true
    engines:
      node: '>= 0.4'
    resolution:
      integrity: sha512-QCOllgZJtaUo9miYBcLChTUaHNjJF3PYs1VidD7AwiEj1kYxKeQTctLAezAOH5ZKRH0g2IgPn6KwB4IT8iRpvA==
  /fast-safe-stringify/1.1.13:
    dev: false
    resolution:
      integrity: sha1-oB6c2cnkkXFcmKdaQtXwu9EH/3Y=
  /fs.realpath/1.0.0:
    dev: true
    resolution:
      integrity: sha1-FQStJSMVjKpA20onh8sBQRmU6k8=
  /function-bind/1.1.1:
    dev: true
    resolution:
      integrity: sha512-yIovAzMX49sF8Yl58fSCWJ5svSLuaibPxXQJFLmBObTuCr0Mf1KiPopGM9NiFjiYBCbfaa2Fh6breQ6ANVTI0A==
  /get-intrinsic/1.0.1:
    dependencies:
      function-bind: 1.1.1
      has: 1.0.3
      has-symbols: 1.0.1
    dev: true
    resolution:
      integrity: sha512-ZnWP+AmS1VUaLgTRy47+zKtjTxz+0xMpx3I52i+aalBK1QP19ggLF3Db89KJX7kjfOfP2eoa01qc++GwPgufPg==
  /glob/7.0.6:
    dependencies:
      fs.realpath: 1.0.0
      inflight: 1.0.6
      inherits: 2.0.4
      minimatch: 3.0.4
      once: 1.4.0
      path-is-absolute: 1.0.1
    dev: true
    resolution:
      integrity: sha1-IRuvr0nlJbjNkyYNFKsTYVKz9Xo=
  /has-symbols/1.0.1:
    dev: true
    engines:
      node: '>= 0.4'
    resolution:
      integrity: sha512-PLcsoqu++dmEIZB+6totNFKq/7Do+Z0u4oT0zKOJNl3lYK6vGwwu2hjHs+68OEZbTjiUE9bgOABXbP/GvrS0Kg==
  /has/1.0.3:
    dependencies:
      function-bind: 1.1.1
    dev: true
    engines:
      node: '>= 0.4.0'
    resolution:
      integrity: sha512-f2dvO0VU6Oej7RkWJGrehjbzMAjFp5/VKPp5tTpWIV4JHHZK1/BxbFRtf/siA2SWTe09caDmVtYYzWEIbBS4zw==
  /hyperquest/1.3.0:
    dependencies:
      duplexer2: 0.0.2
      through2: 0.6.5
    dev: true
    resolution:
      integrity: sha1-59WYAwo/wCKbYXJXg7ZBssbxeCo=
  /individual/3.0.0:
    dev: false
    resolution:
      integrity: sha1-58pPhfiVewGHNPKFdQ3CLsL5hi0=
  /inflight/1.0.6:
    dependencies:
      once: 1.4.0
      wrappy: 1.0.2
    dev: true
    resolution:
      integrity: sha1-Sb1jMdfQLQwJvJEKEHW6gWW1bfk=
  /inherits/2.0.4:
    dev: true
    resolution:
      integrity: sha512-k/vGaX4/Yla3WzyMCvTQOXYeIHvqOKtnqBduzTHpzpQZzAskKMhZ2K+EnBiSM9zGSoIFeMpXKxa4dYeZIQqewQ==
  /is-callable/1.2.2:
    dev: true
    engines:
      node: '>= 0.4'
    resolution:
      integrity: sha512-dnMqspv5nU3LoewK2N/y7KLtxtakvTuaCsU9FU50/QDmdbHNy/4/JuRtMHqRU22o3q+W89YQndQEeCVwK+3qrA==
  /is-date-object/1.0.2:
    dev: true
    engines:
      node: '>= 0.4'
    resolution:
      integrity: sha512-USlDT524woQ08aoZFzh3/Z6ch9Y/EWXEHQ/AaRN0SkKq4t2Jw2R2339tSXmwuVoY7LLlBCbOIlx2myP/L5zk0g==
  /is-negative-zero/2.0.0:
    dev: true
    engines:
      node: '>= 0.4'
    resolution:
      integrity: sha1-lVOxIbD6wohp2p7UWeIMdUN4hGE=
  /is-regex/1.1.1:
    dependencies:
      has-symbols: 1.0.1
    dev: true
    engines:
      node: '>= 0.4'
    resolution:
      integrity: sha512-1+QkEcxiLlB7VEyFtyBg94e08OAsvq7FUBgApTq/w2ymCLyKJgDPsybBENVtA7XCQEgEXxKPonG+mvYRxh/LIg==
  /is-symbol/1.0.3:
    dependencies:
      has-symbols: 1.0.1
    dev: true
    engines:
      node: '>= 0.4'
    resolution:
      integrity: sha512-OwijhaRSgqvhm/0ZdAcXNZt9lYdKFpcRDT5ULUuYXPoT794UNOdU+gpT6Rzo7b4V2HUl/op6GqY894AZwv9faQ==
  /isarray/0.0.1:
    dev: true
    resolution:
      integrity: sha1-ihis/Kmo9Bd+Cav8YDiTmwXR7t8=
  /isarray/1.0.0:
    dev: true
    resolution:
      integrity: sha1-u5NdSFgsuhaMBoNJV6VKPgcSTxE=
  /list-stream/1.0.1:
    dependencies:
      readable-stream: 2.0.6
      xtend: 4.0.2
    dev: true
    resolution:
      integrity: sha1-40SSrdzNGhZbAorW15WjbE/ZXSk=
  /minimatch/3.0.4:
    dependencies:
      brace-expansion: 1.1.11
    dev: true
    resolution:
      integrity: sha512-yJHVQEhyqPLUTgt9B83PXu6W3rx4MvvHvSUvToogpwoGDOUQ+yDrR0HRot+yOCdCO7u4hX3pWft6kWBBcqh0UA==
  /minimist/1.2.5:
    dev: true
    resolution:
      integrity: sha512-FM9nNUYrRBAELZQT3xeZQ7fmMOBg6nWNmJKTcgsJeaLstP/UODVpGsr5OhXhhXg6f+qtJ8uiZ+PUxkDWcgIXLw==
  /object-inspect/1.1.0:
    dev: true
    resolution:
      integrity: sha1-NLymRKgPlPi6QaD50JhOr2Os8U0=
  /object-inspect/1.8.0:
    dev: true
    resolution:
      integrity: sha512-jLdtEOB112fORuypAyl/50VRVIBIdVQOSUUGQHzJ4xBSbit81zRarz7GThkEFZy1RceYrWYcPcBFPQwHyAc1gA==
  /object-keys/1.1.1:
    dev: true
    engines:
      node: '>= 0.4'
    resolution:
      integrity: sha512-NuAESUOUMrlIXOfHKzD6bpPu3tYt3xvjNdRIQ+FeT0lNb4K8WR70CaDxhuNguS2XG+GjkyMwOzsN5ZktImfhLA==
  /object.assign/4.1.2:
    dependencies:
      call-bind: 1.0.0
      define-properties: 1.1.3
      has-symbols: 1.0.1
      object-keys: 1.1.1
    dev: true
    engines:
      node: '>= 0.4'
    resolution:
      integrity: sha512-ixT2L5THXsApyiUPYKmW+2EHpXXe5Ii3M+f4e+aJFAHao5amFRW6J0OO6c/LU8Be47utCx2GL89hxGB6XSmKuQ==
  /once/1.4.0:
    dependencies:
      wrappy: 1.0.2
    dev: true
    resolution:
      integrity: sha1-WDsap3WWHUsROsF9nFC6753Xa9E=
  /path-is-absolute/1.0.1:
    dev: true
    engines:
      node: '>=0.10.0'
    resolution:
      integrity: sha1-F0uSaHNVNP+8es5r9TpanhtcX18=
  /process-nextick-args/1.0.7:
    dev: true
    resolution:
      integrity: sha1-FQ4gt1ZZCtP5EJPyWk8q2L/zC6M=
  /readable-stream/1.0.34:
    dependencies:
      core-util-is: 1.0.2
      inherits: 2.0.4
      isarray: 0.0.1
      string_decoder: 0.10.31
    dev: true
    resolution:
      integrity: sha1-Elgg40vIQtLyqq+v5MKRbuMsFXw=
  /readable-stream/1.1.14:
    dependencies:
      core-util-is: 1.0.2
      inherits: 2.0.4
      isarray: 0.0.1
      string_decoder: 0.10.31
    dev: true
    resolution:
      integrity: sha1-fPTFTvZI44EwhMY23SB54WbAgdk=
  /readable-stream/2.0.6:
    dependencies:
      core-util-is: 1.0.2
      inherits: 2.0.4
      isarray: 1.0.0
      process-nextick-args: 1.0.7
      string_decoder: 0.10.31
      util-deprecate: 1.0.2
    dev: true
    resolution:
      integrity: sha1-j5A0HmilPMySh4jaz80Rs265t44=
  /resolve/1.1.7:
    dev: true
    resolution:
      integrity: sha1-IDEU2CrSxe2ejgQRs5ModeiJ6Xs=
  /resumer/0.0.0:
    dependencies:
      through: 2.3.8
    dev: true
    resolution:
      integrity: sha1-8ej0YeQGS6Oegq883CqMiT0HZ1k=
  /string.prototype.trim/1.1.2:
    dependencies:
      define-properties: 1.1.3
      es-abstract: 1.17.7
      function-bind: 1.1.1
    dev: true
    engines:
      node: '>= 0.4'
    resolution:
      integrity: sha1-0E3iyJ4Tf019IG8Ia17S+ua+jOo=
  /string.prototype.trimend/1.0.2:
    dependencies:
      define-properties: 1.1.3
      es-abstract: 1.18.0-next.1
    dev: true
    resolution:
      integrity: sha512-8oAG/hi14Z4nOVP0z6mdiVZ/wqjDtWSLygMigTzAb+7aPEDTleeFf+WrF+alzecxIRkckkJVn+dTlwzJXORATw==
  /string.prototype.trimstart/1.0.2:
    dependencies:
      define-properties: 1.1.3
      es-abstract: 1.18.0-next.1
    dev: true
    resolution:
      integrity: sha512-7F6CdBTl5zyu30BJFdzSTlSlLPwODC23Od+iLoVH8X6+3fvDPPuBVVj9iaB1GOsSTSIgVfsfm27R2FGrAPznWg==
  /string_decoder/0.10.31:
    dev: true
    resolution:
      integrity: sha1-YuIDvEF2bGwoyfyEMB2rHFMQ+pQ=
  /tape/4.5.1:
    dependencies:
      deep-equal: 1.0.1
      defined: 1.0.0
      function-bind: 1.1.1
      glob: 7.0.6
      has: 1.0.3
      inherits: 2.0.4
      minimist: 1.2.5
      object-inspect: 1.1.0
      resolve: 1.1.7
      resumer: 0.0.0
      string.prototype.trim: 1.1.2
      through: 2.3.8
    dev: true
    hasBin: true
    resolution:
      integrity: sha1-K7PqGb3J9SJSF7P5fL95hsxMbow=
  /through/2.3.8:
    dev: true
    resolution:
      integrity: sha1-DdTJ/6q8NXlgsbckEV1+Doai4fU=
  /through2/0.6.5:
    dependencies:
      readable-stream: 1.0.34
      xtend: 4.0.2
    dev: true
    resolution:
      integrity: sha1-QaucZ7KdVyCQcUEOHXp6lozTrUg=
  /util-deprecate/1.0.2:
    dev: true
    resolution:
      integrity: sha1-RQ1Nyfpw3nMnYvvS1KKJgUGaDM8=
  /wrappy/1.0.2:
    dev: true
    resolution:
      integrity: sha1-tSQ9jz7BqjXxNkYFvA0QNuMKtp8=
  /xtend/4.0.2:
    dev: true
    engines:
      node: '>=0.4'
    resolution:
      integrity: sha512-LKYU1iAXJXUgAXn9URjiu+MWhyUXHsvfp7mcuYm9dSUKK0/CjtrUwFAxD82/mCWbtLsGjFIad0wIsod4zrTAEQ==
specifiers:
  bl: ~1.1.2
  fast-safe-stringify: ~1.1.0
  hyperquest: ~1.3.0
  individual: ~3.0.0
  list-stream: ~1.0.1
  tape: ~4.5.1
